
Microsoft Visual Studio Solution File, Format Version 12.00
# Visual Studio 15
VisualStudioVersion = 15.0.27428.2037
MinimumVisualStudioVersion = 10.0.40219.1
Project("{FAE04EC0-301F-11D3-BF4B-00C04F79EFBC}") = "NodeTree", "NodeTree\NodeTree.csproj", "{DFD1D3D5-1048-4D2F-A553-3F3861394531}"
EndProject
Project("{FAE04EC0-301F-11D3-BF4B-00C04F79EFBC}") = "UnitTest", "UnitTest\UnitTest.csproj", "{DD48C3BA-4463-45FD-9161-0785B7146D85}"
EndProject
Global
	GlobalSection(SolutionConfigurationPlatforms) = preSolution
		Debug|Any CPU = Debug|Any CPU
		Release|Any CPU = Release|Any CPU
	EndGlobalSection
	GlobalSection(ProjectConfigurationPlatforms) = postSolution
		{DFD1D3D5-1048-4D2F-A553-3F3861394531}.Debug|Any CPU.ActiveCfg = Debug|Any CPU
		{DFD1D3D5-1048-4D2F-A553-3F3861394531}.Debug|Any CPU.Build.0 = Debug|Any CPU
		{DFD1D3D5-1048-4D2F-A553-3F3861394531}.Release|Any CPU.ActiveCfg = Release|Any CPU
		{DFD1D3D5-1048-4D2F-A553-3F3861394531}.Release|Any CPU.Build.0 = Release|Any CPU
		{DD48C3BA-4463-45FD-9161-0785B7146D85}.Debug|Any CPU.ActiveCfg = Debug|Any CPU
		{DD48C3BA-4463-45FD-9161-0785B7146D85}.Debug|Any CPU.Build.0 = Debug|Any CPU
		{DD48C3BA-4463-45FD-9161-0785B7146D85}.Release|Any CPU.ActiveCfg = Release|Any CPU
		{DD48C3BA-4463-45FD-9161-0785B7146D85}.Release|Any CPU.Build.0 = Release|Any CPU
	EndGlobalSection
	GlobalSection(SolutionProperties) = preSolution
		HideSolutionNode = FALSE
	EndGlobalSection
	GlobalSection(ExtensibilityGlobals) = postSolution
		SolutionGuid = {8CC8CDFE-390A-4475-BBD2-7A6328EC61B3}
	EndGlobalSection
EndGlobal
